
Microsoft Visual Studio Solution File, Format Version 12.00
# Visual Studio Version 17
VisualStudioVersion = 17.5.002.0
MinimumVisualStudioVersion = 10.0.40219.1
Project("{9A19103F-16F7-4668-BE54-9A1E7A4F7556}") = "Challenges", "Challenges.csproj", "{EBEB2F8F-7109-407B-81C0-9B139C63B4CC}"
EndProject
Global
	GlobalSection(SolutionConfigurationPlatforms) = preSolution
		Debug|Any CPU = Debug|Any CPU
		Release|Any CPU = Release|Any CPU
	EndGlobalSection
	GlobalSection(ProjectConfigurationPlatforms) = postSolution
		{EBEB2F8F-7109-407B-81C0-9B139C63B4CC}.Debug|Any CPU.ActiveCfg = Debug|Any CPU
		{EBEB2F8F-7109-407B-81C0-9B139C63B4CC}.Debug|Any CPU.Build.0 = Debug|Any CPU
		{EBEB2F8F-7109-407B-81C0-9B139C63B4CC}.Release|Any CPU.ActiveCfg = Release|Any CPU
		{EBEB2F8F-7109-407B-81C0-9B139C63B4CC}.Release|Any CPU.Build.0 = Release|Any CPU
	EndGlobalSection
	GlobalSection(SolutionProperties) = preSolution
		HideSolutionNode = FALSE
	EndGlobalSection
	GlobalSection(ExtensibilityGlobals) = postSolution
		SolutionGuid = {B3787492-ED4B-42C1-B851-C58D78D82739}
	EndGlobalSection
EndGlobal
